
Microsoft Visual Studio Solution File, Format Version 12.00
# Visual Studio Version 16
VisualStudioVersion = 16.0.31702.278
MinimumVisualStudioVersion = 10.0.40219.1
Project("{FAE04EC0-301F-11D3-BF4B-00C04F79EFBC}") = "ProjectFirst", "ProjectFirst\ProjectFirst.csproj", "{70C1C2C4-4428-4BDC-BDD2-C345E600A00D}"
EndProject
Global
	GlobalSection(SolutionConfigurationPlatforms) = preSolution
		Debug|Any CPU = Debug|Any CPU
		Release|Any CPU = Release|Any CPU
	EndGlobalSection
	GlobalSection(ProjectConfigurationPlatforms) = postSolution
		{70C1C2C4-4428-4BDC-BDD2-C345E600A00D}.Debug|Any CPU.ActiveCfg = Debug|Any CPU
		{70C1C2C4-4428-4BDC-BDD2-C345E600A00D}.Debug|Any CPU.Build.0 = Debug|Any CPU
		{70C1C2C4-4428-4BDC-BDD2-C345E600A00D}.Release|Any CPU.ActiveCfg = Release|Any CPU
		{70C1C2C4-4428-4BDC-BDD2-C345E600A00D}.Release|Any CPU.Build.0 = Release|Any CPU
	EndGlobalSection
	GlobalSection(SolutionProperties) = preSolution
		HideSolutionNode = FALSE
	EndGlobalSection
	GlobalSection(ExtensibilityGlobals) = postSolution
		SolutionGuid = {93CCC4C8-585E-428D-9936-0769B1E090C2}
	EndGlobalSection
EndGlobal
